
Microsoft Visual Studio Solution File, Format Version 12.00
# Visual Studio Version 18
VisualStudioVersion = 18.0.11205.157 d18.0
MinimumVisualStudioVersion = 10.0.40219.1
Project("{FAE04EC0-301F-11D3-BF4B-00C04F79EFBC}") = "FirebotGiveawayObsOverlay.WebApp", "FirebotGiveawayObsOverlay.WebApp\FirebotGiveawayObsOverlay.WebApp.csproj", "{AB0106E0-2C84-45A3-BD49-48BE38DD0654}"
EndProject
Project("{2150E333-8FDC-42A3-9474-1A3956D46DE8}") = "Solution Items", "Solution Items", "{1F02452D-02B8-4350-B712-812A85FE3EE5}"
	ProjectSection(SolutionItems) = preProject
		..\README.md = ..\README.md
	EndProjectSection
EndProject
Global
	GlobalSection(SolutionConfigurationPlatforms) = preSolution
		Debug|Any CPU = Debug|Any CPU
		Release|Any CPU = Release|Any CPU
	EndGlobalSection
	GlobalSection(ProjectConfigurationPlatforms) = postSolution
		{AB0106E0-2C84-45A3-BD49-48BE38DD0654}.Debug|Any CPU.ActiveCfg = Debug|Any CPU
		{AB0106E0-2C84-45A3-BD49-48BE38DD0654}.Debug|Any CPU.Build.0 = Debug|Any CPU
		{AB0106E0-2C84-45A3-BD49-48BE38DD0654}.Release|Any CPU.ActiveCfg = Release|Any CPU
		{AB0106E0-2C84-45A3-BD49-48BE38DD0654}.Release|Any CPU.Build.0 = Release|Any CPU
	EndGlobalSection
	GlobalSection(SolutionProperties) = preSolution
		HideSolutionNode = FALSE
	EndGlobalSection
	GlobalSection(ExtensibilityGlobals) = postSolution
		SolutionGuid = {8C700922-3715-455A-BB5C-3537C78253CD}
	EndGlobalSection
EndGlobal
